
Microsoft Visual Studio Solution File, Format Version 12.00
# Visual Studio Version 16
VisualStudioVersion = 16.0.31112.23
MinimumVisualStudioVersion = 10.0.40219.1
Project("{FAE04EC0-301F-11D3-BF4B-00C04F79EFBC}") = "PlateFormaApprentissage", "PlateFormaApprentissage\PlateFormaApprentissage.csproj", "{3891FDB9-92D4-4DB0-AF55-37A9DF7488E6}"
EndProject
Project("{9A19103F-16F7-4668-BE54-9A1E7A4F7556}") = "PRBD_Framework", "PRBD_Framework\PRBD_Framework.csproj", "{77942207-5C17-4BC5-96A7-CE261607EF49}"
EndProject
Global
	GlobalSection(SolutionConfigurationPlatforms) = preSolution
		Debug|Any CPU = Debug|Any CPU
		Release|Any CPU = Release|Any CPU
	EndGlobalSection
	GlobalSection(ProjectConfigurationPlatforms) = postSolution
		{3891FDB9-92D4-4DB0-AF55-37A9DF7488E6}.Debug|Any CPU.ActiveCfg = Debug|Any CPU
		{3891FDB9-92D4-4DB0-AF55-37A9DF7488E6}.Debug|Any CPU.Build.0 = Debug|Any CPU
		{3891FDB9-92D4-4DB0-AF55-37A9DF7488E6}.Release|Any CPU.ActiveCfg = Release|Any CPU
		{3891FDB9-92D4-4DB0-AF55-37A9DF7488E6}.Release|Any CPU.Build.0 = Release|Any CPU
		{77942207-5C17-4BC5-96A7-CE261607EF49}.Debug|Any CPU.ActiveCfg = Debug|Any CPU
		{77942207-5C17-4BC5-96A7-CE261607EF49}.Debug|Any CPU.Build.0 = Debug|Any CPU
		{77942207-5C17-4BC5-96A7-CE261607EF49}.Release|Any CPU.ActiveCfg = Release|Any CPU
		{77942207-5C17-4BC5-96A7-CE261607EF49}.Release|Any CPU.Build.0 = Release|Any CPU
	EndGlobalSection
	GlobalSection(SolutionProperties) = preSolution
		HideSolutionNode = FALSE
	EndGlobalSection
	GlobalSection(ExtensibilityGlobals) = postSolution
		SolutionGuid = {7784D2B9-D233-4F72-85FE-C1532575B480}
	EndGlobalSection
EndGlobal
